// !$*UTF8*$!
{
	archiveVersion = 1;
	classes = {
	};
	objectVersion = 48;
	objects = {

/* Begin PBXBuildFile section */
		E45D075D20885AAB0096ECB5 /* AppDelegate.m in Sources */ = {isa = PBXBuildFile; fileRef = E45D075C20885AAB0096ECB5 /* AppDelegate.m */; };
		E45D076020885AAB0096ECB5 /* ViewController.m in Sources */ = {isa = PBXBuildFile; fileRef = E45D075F20885AAB0096ECB5 /* ViewController.m */; };
		E45D076320885AAB0096ECB5 /* Main.storyboard in Resources */ = {isa = PBXBuildFile; fileRef = E45D076120885AAB0096ECB5 /* Main.storyboard */; };
		E45D076520885AAB0096ECB5 /* Assets.xcassets in Resources */ = {isa = PBXBuildFile; fileRef = E45D076420885AAB0096ECB5 /* Assets.xcassets */; };
		E45D076820885AAB0096ECB5 /* LaunchScreen.storyboard in Resources */ = {isa = PBXBuildFile; fileRef = E45D076620885AAB0096ECB5 /* LaunchScreen.storyboard */; };
		E45D076B20885AAB0096ECB5 /* main.m in Sources */ = {isa = PBXBuildFile; fileRef = E45D076A20885AAB0096ECB5 /* main.m */; };
		E45D077520885AAB0096ECB5 /* HDLongPressButtonTests.m in Sources */ = {isa = PBXBuildFile; fileRef = E45D077420885AAB0096ECB5 /* HDLongPressButtonTests.m */; };
		E45D078020885AAB0096ECB5 /* HDLongPressButtonUITests.m in Sources */ = {isa = PBXBuildFile; fileRef = E45D077F20885AAB0096ECB5 /* HDLongPressButtonUITests.m */; };
		E45D079620885BCE0096ECB5 /* HDLongPressButtonBottomView.m in Sources */ = {isa = PBXBuildFile; fileRef = E45D079120885BCE0096ECB5 /* HDLongPressButtonBottomView.m */; };
		E45D079720885BCE0096ECB5 /* HDLongPressButtonTopView.m in Sources */ = {isa = PBXBuildFile; fileRef = E45D079320885BCE0096ECB5 /* HDLongPressButtonTopView.m */; };
		E45D079820885BCE0096ECB5 /* HDLongPressButton.m in Sources */ = {isa = PBXBuildFile; fileRef = E45D079520885BCE0096ECB5 /* HDLongPressButton.m */; };
/* End PBXBuildFile section */

/* Begin PBXContainerItemProxy section */
		E45D077120885AAB0096ECB5 /* PBXContainerItemProxy */ = {
			isa = PBXContainerItemProxy;
			containerPortal = E45D075020885AAB0096ECB5 /* Project object */;
			proxyType = 1;
			remoteGlobalIDString = E45D075720885AAB0096ECB5;
			remoteInfo = HDLongPressButton;
		};
		E45D077C20885AAB0096ECB5 /* PBXContainerItemProxy */ = {
			isa = PBXContainerItemProxy;
			containerPortal = E45D075020885AAB0096ECB5 /* Project object */;
			proxyType = 1;
			remoteGlobalIDString = E45D075720885AAB0096ECB5;
			remoteInfo = HDLongPressButton;
		};
/* End PBXContainerItemProxy section */

/* Begin PBXFileReference section */
		E45D075820885AAB0096ECB5 /* HDLongPressButton.app */ = {isa = PBXFileReference; explicitFileType = wrapper.application; includeInIndex = 0; path = HDLongPressButton.app; sourceTree = BUILT_PRODUCTS_DIR; };
		E45D075B20885AAB0096ECB5 /* AppDelegate.h */ = {isa = PBXFileReference; lastKnownFileType = sourcecode.c.h; path = AppDelegate.h; sourceTree = "<group>"; };
		E45D075C20885AAB0096ECB5 /* AppDelegate.m */ = {isa = PBXFileReference; lastKnownFileType = sourcecode.c.objc; path = AppDelegate.m; sourceTree = "<group>"; };
		E45D075E20885AAB0096ECB5 /* ViewController.h */ = {isa = PBXFileReference; lastKnownFileType = sourcecode.c.h; path = ViewController.h; sourceTree = "<group>"; };
		E45D075F20885AAB0096ECB5 /* ViewController.m */ = {isa = PBXFileReference; lastKnownFileType = sourcecode.c.objc; path = ViewController.m; sourceTree = "<group>"; };
		E45D076220885AAB0096ECB5 /* Base */ = {isa = PBXFileReference; lastKnownFileType = file.storyboard; name = Base; path = Base.lproj/Main.storyboard; sourceTree = "<group>"; };
		E45D076420885AAB0096ECB5 /* Assets.xcassets */ = {isa = PBXFileReference; lastKnownFileType = folder.assetcatalog; path = Assets.xcassets; sourceTree = "<group>"; };
		E45D076720885AAB0096ECB5 /* Base */ = {isa = PBXFileReference; lastKnownFileType = file.storyboard; name = Base; path = Base.lproj/LaunchScreen.storyboard; sourceTree = "<group>"; };
		E45D076920885AAB0096ECB5 /* Info.plist */ = {isa = PBXFileReference; lastKnownFileType = text.plist.xml; path = Info.plist; sourceTree = "<group>"; };
		E45D076A20885AAB0096ECB5 /* main.m */ = {isa = PBXFileReference; lastKnownFileType = sourcecode.c.objc; path = main.m; sourceTree = "<group>"; };
		E45D077020885AAB0096ECB5 /* HDLongPressButtonTests.xctest */ = {isa = PBXFileReference; explicitFileType = wrapper.cfbundle; includeInIndex = 0; path = HDLongPressButtonTests.xctest; sourceTree = BUILT_PRODUCTS_DIR; };
		E45D077420885AAB0096ECB5 /* HDLongPressButtonTests.m */ = {isa = PBXFileReference; lastKnownFileType = sourcecode.c.objc; path = HDLongPressButtonTests.m; sourceTree = "<group>"; };
		E45D077620885AAB0096ECB5 /* Info.plist */ = {isa = PBXFileReference; lastKnownFileType = text.plist.xml; path = Info.plist; sourceTree = "<group>"; };
		E45D077B20885AAB0096ECB5 /* HDLongPressButtonUITests.xctest */ = {isa = PBXFileReference; explicitFileType = wrapper.cfbundle; includeInIndex = 0; path = HDLongPressButtonUITests.xctest; sourceTree = BUILT_PRODUCTS_DIR; };
		E45D077F20885AAB0096ECB5 /* HDLongPressButtonUITests.m */ = {isa = PBXFileReference; lastKnownFileType = sourcecode.c.objc; path = HDLongPressButtonUITests.m; sourceTree = "<group>"; };
		E45D078120885AAB0096ECB5 /* Info.plist */ = {isa = PBXFileReference; lastKnownFileType = text.plist.xml; path = Info.plist; sourceTree = "<group>"; };
		E45D079020885BCE0096ECB5 /* HDLongPressButton.h */ = {isa = PBXFileReference; fileEncoding = 4; lastKnownFileType = sourcecode.c.h; name = HDLongPressButton.h; path = HDLongPressButton/HDLongPressButton/HDLongPressButton.h; sourceTree = SOURCE_ROOT; };
		E45D079120885BCE0096ECB5 /* HDLongPressButtonBottomView.m */ = {isa = PBXFileReference; fileEncoding = 4; lastKnownFileType = sourcecode.c.objc; name = HDLongPressButtonBottomView.m; path = HDLongPressButton/HDLongPressButton/HDLongPressButtonBottomView.m; sourceTree = SOURCE_ROOT; };
		E45D079220885BCE0096ECB5 /* HDLongPressButtonTopView.h */ = {isa = PBXFileReference; fileEncoding = 4; lastKnownFileType = sourcecode.c.h; name = HDLongPressButtonTopView.h; path = HDLongPressButton/HDLongPressButton/HDLongPressButtonTopView.h; sourceTree = SOURCE_ROOT; };
		E45D079320885BCE0096ECB5 /* HDLongPressButtonTopView.m */ = {isa = PBXFileReference; fileEncoding = 4; lastKnownFileType = sourcecode.c.objc; name = HDLongPressButtonTopView.m; path = HDLongPressButton/HDLongPressButton/HDLongPressButtonTopView.m; sourceTree = SOURCE_ROOT; };
		E45D079420885BCE0096ECB5 /* HDLongPressButtonBottomView.h */ = {isa = PBXFileReference; fileEncoding = 4; lastKnownFileType = sourcecode.c.h; name = HDLongPressButtonBottomView.h; path = HDLongPressButton/HDLongPressButton/HDLongPressButtonBottomView.h; sourceTree = SOURCE_ROOT; };
		E45D079520885BCE0096ECB5 /* HDLongPressButton.m */ = {isa = PBXFileReference; fileEncoding = 4; lastKnownFileType = sourcecode.c.objc; name = HDLongPressButton.m; path = HDLongPressButton/HDLongPressButton/HDLongPressButton.m; sourceTree = SOURCE_ROOT; };
/* End PBXFileReference section */

/* Begin PBXFrameworksBuildPhase section */
		E45D075520885AAB0096ECB5 /* Frameworks */ = {
			isa = PBXFrameworksBuildPhase;
			buildActionMask = 2147483647;
			files = (
			);
			runOnlyForDeploymentPostprocessing = 0;
		};
		E45D076D20885AAB0096ECB5 /* Frameworks */ = {
			isa = PBXFrameworksBuildPhase;
			buildActionMask = 2147483647;
			files = (
			);
			runOnlyForDeploymentPostprocessing = 0;
		};
		E45D077820885AAB0096ECB5 /* Frameworks */ = {
			isa = PBXFrameworksBuildPhase;
			buildActionMask = 2147483647;
			files = (
			);
			runOnlyForDeploymentPostprocessing = 0;
		};
/* End PBXFrameworksBuildPhase section */

/* Begin PBXGroup section */
		E45D074F20885AAB0096ECB5 = {
			isa = PBXGroup;
			children = (
				E45D075A20885AAB0096ECB5 /* HDLongPressButton */,
				E45D077320885AAB0096ECB5 /* HDLongPressButtonTests */,
				E45D077E20885AAB0096ECB5 /* HDLongPressButtonUITests */,
				E45D075920885AAB0096ECB5 /* Products */,
			);
			sourceTree = "<group>";
		};
		E45D075920885AAB0096ECB5 /* Products */ = {
			isa = PBXGroup;
			children = (
				E45D075820885AAB0096ECB5 /* HDLongPressButton.app */,
				E45D077020885AAB0096ECB5 /* HDLongPressButtonTests.xctest */,
				E45D077B20885AAB0096ECB5 /* HDLongPressButtonUITests.xctest */,
			);
			name = Products;
			sourceTree = "<group>";
		};
		E45D075A20885AAB0096ECB5 /* HDLongPressButton */ = {
			isa = PBXGroup;
			children = (
				E45D078F20885BB00096ECB5 /* HDLongPressButton */,
				E45D075B20885AAB0096ECB5 /* AppDelegate.h */,
				E45D075C20885AAB0096ECB5 /* AppDelegate.m */,
				E45D075E20885AAB0096ECB5 /* ViewController.h */,
				E45D075F20885AAB0096ECB5 /* ViewController.m */,
				E45D076120885AAB0096ECB5 /* Main.storyboard */,
				E45D076420885AAB0096ECB5 /* Assets.xcassets */,
				E45D076620885AAB0096ECB5 /* LaunchScreen.storyboard */,
				E45D076920885AAB0096ECB5 /* Info.plist */,
				E45D076A20885AAB0096ECB5 /* main.m */,
			);
			path = HDLongPressButton;
			sourceTree = "<group>";
		};
		E45D077320885AAB0096ECB5 /* HDLongPressButtonTests */ = {
			isa = PBXGroup;
			children = (
				E45D077420885AAB0096ECB5 /* HDLongPressButtonTests.m */,
				E45D077620885AAB0096ECB5 /* Info.plist */,
			);
			path = HDLongPressButtonTests;
			sourceTree = "<group>";
		};
		E45D077E20885AAB0096ECB5 /* HDLongPressButtonUITests */ = {
			isa = PBXGroup;
			children = (
				E45D077F20885AAB0096ECB5 /* HDLongPressButtonUITests.m */,
				E45D078120885AAB0096ECB5 /* Info.plist */,
			);
			path = HDLongPressButtonUITests;
			sourceTree = "<group>";
		};
		E45D078F20885BB00096ECB5 /* HDLongPressButton */ = {
			isa = PBXGroup;
			children = (
				E45D079020885BCE0096ECB5 /* HDLongPressButton.h */,
				E45D079520885BCE0096ECB5 /* HDLongPressButton.m */,
				E45D079420885BCE0096ECB5 /* HDLongPressButtonBottomView.h */,
				E45D079120885BCE0096ECB5 /* HDLongPressButtonBottomView.m */,
				E45D079220885BCE0096ECB5 /* HDLongPressButtonTopView.h */,
				E45D079320885BCE0096ECB5 /* HDLongPressButtonTopView.m */,
			);
			name = HDLongPressButton;
			path = "New Group";
			sourceTree = "<group>";
		};
/* End PBXGroup section */

/* Begin PBXNativeTarget section */
		E45D075720885AAB0096ECB5 /* HDLongPressButton */ = {
			isa = PBXNativeTarget;
			buildConfigurationList = E45D078420885AAB0096ECB5 /* Build configuration list for PBXNativeTarget "HDLongPressButton" */;
			buildPhases = (
				E45D075420885AAB0096ECB5 /* Sources */,
				E45D075520885AAB0096ECB5 /* Frameworks */,
				E45D075620885AAB0096ECB5 /* Resources */,
			);
			buildRules = (
			);
			dependencies = (
			);
			name = HDLongPressButton;
			productName = HDLongPressButton;
			productReference = E45D075820885AAB0096ECB5 /* HDLongPressButton.app */;
			productType = "com.apple.product-type.application";
		};
		E45D076F20885AAB0096ECB5 /* HDLongPressButtonTests */ = {
			isa = PBXNativeTarget;
			buildConfigurationList = E45D078720885AAB0096ECB5 /* Build configuration list for PBXNativeTarget "HDLongPressButtonTests" */;
			buildPhases = (
				E45D076C20885AAB0096ECB5 /* Sources */,
				E45D076D20885AAB0096ECB5 /* Frameworks */,
				E45D076E20885AAB0096ECB5 /* Resources */,
			);
			buildRules = (
			);
			dependencies = (
				E45D077220885AAB0096ECB5 /* PBXTargetDependency */,
			);
			name = HDLongPressButtonTests;
			productName = HDLongPressButtonTests;
			productReference = E45D077020885AAB0096ECB5 /* HDLongPressButtonTests.xctest */;
			productType = "com.apple.product-type.bundle.unit-test";
		};
		E45D077A20885AAB0096ECB5 /* HDLongPressButtonUITests */ = {
			isa = PBXNativeTarget;
			buildConfigurationList = E45D078A20885AAB0096ECB5 /* Build configuration list for PBXNativeTarget "HDLongPressButtonUITests" */;
			buildPhases = (
				E45D077720885AAB0096ECB5 /* Sources */,
				E45D077820885AAB0096ECB5 /* Frameworks */,
				E45D077920885AAB0096ECB5 /* Resources */,
			);
			buildRules = (
			);
			dependencies = (
				E45D077D20885AAB0096ECB5 /* PBXTargetDependency */,
			);
			name = HDLongPressButtonUITests;
			productName = HDLongPressButtonUITests;
			productReference = E45D077B20885AAB0096ECB5 /* HDLongPressButtonUITests.xctest */;
			productType = "com.apple.product-type.bundle.ui-testing";
		};
/* End PBXNativeTarget section */

/* Begin PBXProject section */
		E45D075020885AAB0096ECB5 /* Project object */ = {
			isa = PBXProject;
			attributes = {
				LastUpgradeCheck = 0920;
				ORGANIZATIONNAME = Damon;
				TargetAttributes = {
					E45D075720885AAB0096ECB5 = {
						CreatedOnToolsVersion = 9.2;
						ProvisioningStyle = Manual;
					};
					E45D076F20885AAB0096ECB5 = {
						CreatedOnToolsVersion = 9.2;
						ProvisioningStyle = Automatic;
						TestTargetID = E45D075720885AAB0096ECB5;
					};
					E45D077A20885AAB0096ECB5 = {
						CreatedOnToolsVersion = 9.2;
						ProvisioningStyle = Automatic;
						TestTargetID = E45D075720885AAB0096ECB5;
					};
				};
			};
			buildConfigurationList = E45D075320885AAB0096ECB5 /* Build configuration list for PBXProject "HDLongPressButton" */;
			compatibilityVersion = "Xcode 8.0";
			developmentRegion = en;
			hasScannedForEncodings = 0;
			knownRegions = (
				en,
				Base,
			);
			mainGroup = E45D074F20885AAB0096ECB5;
			productRefGroup = E45D075920885AAB0096ECB5 /* Products */;
			projectDirPath = "";
			projectRoot = "";
			targets = (
				E45D075720885AAB0096ECB5 /* HDLongPressButton */,
				E45D076F20885AAB0096ECB5 /* HDLongPressButtonTests */,
				E45D077A20885AAB0096ECB5 /* HDLongPressButtonUITests */,
			);
		};
/* End PBXProject section */

/* Begin PBXResourcesBuildPhase section */
		E45D075620885AAB0096ECB5 /* Resources */ = {
			isa = PBXResourcesBuildPhase;
			buildActionMask = 2147483647;
			files = (
				E45D076820885AAB0096ECB5 /* LaunchScreen.storyboard in Resources */,
				E45D076520885AAB0096ECB5 /* Assets.xcassets in Resources */,
				E45D076320885AAB0096ECB5 /* Main.storyboard in Resources */,
			);
			runOnlyForDeploymentPostprocessing = 0;
		};
		E45D076E20885AAB0096ECB5 /* Resources */ = {
			isa = PBXResourcesBuildPhase;
			buildActionMask = 2147483647;
			files = (
			);
			runOnlyForDeploymentPostprocessing = 0;
		};
		E45D077920885AAB0096ECB5 /* Resources */ = {
			isa = PBXResourcesBuildPhase;
			buildActionMask = 2147483647;
			files = (
			);
			runOnlyForDeploymentPostprocessing = 0;
		};
/* End PBXResourcesBuildPhase section */

/* Begin PBXSourcesBuildPhase section */
		E45D075420885AAB0096ECB5 /* Sources */ = {
			isa = PBXSourcesBuildPhase;
			buildActionMask = 2147483647;
			files = (
				E45D076020885AAB0096ECB5 /* ViewController.m in Sources */,
				E45D079820885BCE0096ECB5 /* HDLongPressButton.m in Sources */,
				E45D079620885BCE0096ECB5 /* HDLongPressButtonBottomView.m in Sources */,
				E45D076B20885AAB0096ECB5 /* main.m in Sources */,
				E45D079720885BCE0096ECB5 /* HDLongPressButtonTopView.m in Sources */,
				E45D075D20885AAB0096ECB5 /* AppDelegate.m in Sources */,
			);
			runOnlyForDeploymentPostprocessing = 0;
		};
		E45D076C20885AAB0096ECB5 /* Sources */ = {
			isa = PBXSourcesBuildPhase;
			buildActionMask = 2147483647;
			files = (
				E45D077520885AAB0096ECB5 /* HDLongPressButtonTests.m in Sources */,
			);
			runOnlyForDeploymentPostprocessing = 0;
		};
		E45D077720885AAB0096ECB5 /* Sources */ = {
			isa = PBXSourcesBuildPhase;
			buildActionMask = 2147483647;
			files = (
				E45D078020885AAB0096ECB5 /* HDLongPressButtonUITests.m in Sources */,
			);
			runOnlyForDeploymentPostprocessing = 0;
		};
/* End PBXSourcesBuildPhase section */

/* Begin PBXTargetDependency section */
		E45D077220885AAB0096ECB5 /* PBXTargetDependency */ = {
			isa = PBXTargetDependency;
			target = E45D075720885AAB0096ECB5 /* HDLongPressButton */;
			targetProxy = E45D077120885AAB0096ECB5 /* PBXContainerItemProxy */;
		};
		E45D077D20885AAB0096ECB5 /* PBXTargetDependency */ = {
			isa = PBXTargetDependency;
			target = E45D075720885AAB0096ECB5 /* HDLongPressButton */;
			targetProxy = E45D077C20885AAB0096ECB5 /* PBXContainerItemProxy */;
		};
/* End PBXTargetDependency section */

/* Begin PBXVariantGroup section */
		E45D076120885AAB0096ECB5 /* Main.storyboard */ = {
			isa = PBXVariantGroup;
			children = (
				E45D076220885AAB0096ECB5 /* Base */,
			);
			name = Main.storyboard;
			sourceTree = "<group>";
		};
		E45D076620885AAB0096ECB5 /* LaunchScreen.storyboard */ = {
			isa = PBXVariantGroup;
			children = (
				E45D076720885AAB0096ECB5 /* Base */,
			);
			name = LaunchScreen.storyboard;
			sourceTree = "<group>";
		};
/* End PBXVariantGroup section */

/* Begin XCBuildConfiguration section */
		E45D078220885AAB0096ECB5 /* Debug */ = {
			isa = XCBuildConfiguration;
			buildSettings = {
				ALWAYS_SEARCH_USER_PATHS = NO;
				CLANG_ANALYZER_NONNULL = YES;
				CLANG_ANALYZER_NUMBER_OBJECT_CONVERSION = YES_AGGRESSIVE;
				CLANG_CXX_LANGUAGE_STANDARD = "gnu++14";
				CLANG_CXX_LIBRARY = "libc++";
				CLANG_ENABLE_MODULES = YES;
				CLANG_ENABLE_OBJC_ARC = YES;
				CLANG_WARN_BLOCK_CAPTURE_AUTORELEASING = YES;
				CLANG_WARN_BOOL_CONVERSION = YES;
				CLANG_WARN_COMMA = YES;
				CLANG_WARN_CONSTANT_CONVERSION = YES;
				CLANG_WARN_DIRECT_OBJC_ISA_USAGE = YES_ERROR;
				CLANG_WARN_DOCUMENTATION_COMMENTS = YES;
				CLANG_WARN_EMPTY_BODY = YES;
				CLANG_WARN_ENUM_CONVERSION = YES;
				CLANG_WARN_INFINITE_RECURSION = YES;
				CLANG_WARN_INT_CONVERSION = YES;
				CLANG_WARN_NON_LITERAL_NULL_CONVERSION = YES;
				CLANG_WARN_OBJC_LITERAL_CONVERSION = YES;
				CLANG_WARN_OBJC_ROOT_CLASS = YES_ERROR;
				CLANG_WARN_RANGE_LOOP_ANALYSIS = YES;
				CLANG_WARN_STRICT_PROTOTYPES = YES;
				CLANG_WARN_SUSPICIOUS_MOVE = YES;
				CLANG_WARN_UNGUARDED_AVAILABILITY = YES_AGGRESSIVE;
				CLANG_WARN_UNREACHABLE_CODE = YES;
				CLANG_WARN__DUPLICATE_METHOD_MATCH = YES;
				CODE_SIGN_IDENTITY = "iPhone Developer";
				COPY_PHASE_STRIP = NO;
				DEBUG_INFORMATION_FORMAT = dwarf;
				ENABLE_STRICT_OBJC_MSGSEND = YES;
				ENABLE_TESTABILITY = YES;
				GCC_C_LANGUAGE_STANDARD = gnu11;
				GCC_DYNAMIC_NO_PIC = NO;
				GCC_NO_COMMON_BLOCKS = YES;
				GCC_OPTIMIZATION_LEVEL = 0;
				GCC_PREPROCESSOR_DEFINITIONS = (
					"DEBUG=1",
					"$(inherited)",
				);
				GCC_WARN_64_TO_32_BIT_CONVERSION = YES;
				GCC_WARN_ABOUT_RETURN_TYPE = YES_ERROR;
				GCC_WARN_UNDECLARED_SELECTOR = YES;
				GCC_WARN_UNINITIALIZED_AUTOS = YES_AGGRESSIVE;
				GCC_WARN_UNUSED_FUNCTION = YES;
				GCC_WARN_UNUSED_VARIABLE = YES;
				IPHONEOS_DEPLOYMENT_TARGET = 11.2;
				MTL_ENABLE_DEBUG_INFO = YES;
				ONLY_ACTIVE_ARCH = YES;
				SDKROOT = iphoneos;
			};
			name = Debug;
		};
		E45D078320885AAB0096ECB5 /* Release */ = {
			isa = XCBuildConfiguration;
			buildSettings = {
				ALWAYS_SEARCH_USER_PATHS = NO;
				CLANG_ANALYZER_NONNULL = YES;
				CLANG_ANALYZER_NUMBER_OBJECT_CONVERSION = YES_AGGRESSIVE;
				CLANG_CXX_LANGUAGE_STANDARD = "gnu++14";
				CLANG_CXX_LIBRARY = "libc++";
				CLANG_ENABLE_MODULES = YES;
				CLANG_ENABLE_OBJC_ARC = YES;
				CLANG_WARN_BLOCK_CAPTURE_AUTORELEASING = YES;
				CLANG_WARN_BOOL_CONVERSION = YES;
				CLANG_WARN_COMMA = YES;
				CLANG_WARN_CONSTANT_CONVERSION = YES;
				CLANG_WARN_DIRECT_OBJC_ISA_USAGE = YES_ERROR;
				CLANG_WARN_DOCUMENTATION_COMMENTS = YES;
				CLANG_WARN_EMPTY_BODY = YES;
				CLANG_WARN_ENUM_CONVERSION = YES;
				CLANG_WARN_INFINITE_RECURSION = YES;
				CLANG_WARN_INT_CONVERSION = YES;
				CLANG_WARN_NON_LITERAL_NULL_CONVERSION = YES;
				CLANG_WARN_OBJC_LITERAL_CONVERSION = YES;
				CLANG_WARN_OBJC_ROOT_CLASS = YES_ERROR;
				CLANG_WARN_RANGE_LOOP_ANALYSIS = YES;
				CLANG_WARN_STRICT_PROTOTYPES = YES;
				CLANG_WARN_SUSPICIOUS_MOVE = YES;
				CLANG_WARN_UNGUARDED_AVAILABILITY = YES_AGGRESSIVE;
				CLANG_WARN_UNREACHABLE_CODE = YES;
				CLANG_WARN__DUPLICATE_METHOD_MATCH = YES;
				CODE_SIGN_IDENTITY = "iPhone Developer";
				COPY_PHASE_STRIP = NO;
				DEBUG_INFORMATION_FORMAT = "dwarf-with-dsym";
				ENABLE_NS_ASSERTIONS = NO;
				ENABLE_STRICT_OBJC_MSGSEND = YES;
				GCC_C_LANGUAGE_STANDARD = gnu11;
				GCC_NO_COMMON_BLOCKS = YES;
				GCC_WARN_64_TO_32_BIT_CONVERSION = YES;
				GCC_WARN_ABOUT_RETURN_TYPE = YES_ERROR;
				GCC_WARN_UNDECLARED_SELECTOR = YES;
				GCC_WARN_UNINITIALIZED_AUTOS = YES_AGGRESSIVE;
				GCC_WARN_UNUSED_FUNCTION = YES;
				GCC_WARN_UNUSED_VARIABLE = YES;
				IPHONEOS_DEPLOYMENT_TARGET = 11.2;
				MTL_ENABLE_DEBUG_INFO = NO;
				SDKROOT = iphoneos;
				VALIDATE_PRODUCT = YES;
			};
			name = Release;
		};
		E45D078520885AAB0096ECB5 /* Debug */ = {
			isa = XCBuildConfiguration;
			buildSettings = {
				ASSETCATALOG_COMPILER_APPICON_NAME = AppIcon;
				CODE_SIGN_STYLE = Manual;
				DEVELOPMENT_TEAM = "";
				INFOPLIST_FILE = HDLongPressButton/Info.plist;
				LD_RUNPATH_SEARCH_PATHS = "$(inherited) @executable_path/Frameworks";
				PRODUCT_BUNDLE_IDENTIFIER = com.huaimayi.HDLongPressButton;
				PRODUCT_NAME = "$(TARGET_NAME)";
				PROVISIONING_PROFILE_SPECIFIER = "";
				TARGETED_DEVICE_FAMILY = "1,2";
			};
			name = Debug;
		};
		E45D078620885AAB0096ECB5 /* Release */ = {
			isa = XCBuildConfiguration;
			buildSettings = {
				ASSETCATALOG_COMPILER_APPICON_NAME = AppIcon;
				CODE_SIGN_STYLE = Manual;
				DEVELOPMENT_TEAM = "";
				INFOPLIST_FILE = HDLongPressButton/Info.plist;
				LD_RUNPATH_SEARCH_PATHS = "$(inherited) @executable_path/Frameworks";
				PRODUCT_BUNDLE_IDENTIFIER = com.huaimayi.HDLongPressButton;
				PRODUCT_NAME = "$(TARGET_NAME)";
				PROVISIONING_PROFILE_SPECIFIER = "";
				TARGETED_DEVICE_FAMILY = "1,2";
			};
			name = Release;
		};
		E45D078820885AAB0096ECB5 /* Debug */ = {
			isa = XCBuildConfiguration;
			buildSettings = {
				BUNDLE_LOADER = "$(TEST_HOST)";
				CODE_SIGN_STYLE = Automatic;
				INFOPLIST_FILE = HDLongPressButtonTests/Info.plist;
				LD_RUNPATH_SEARCH_PATHS = "$(inherited) @executable_path/Frameworks @loader_path/Frameworks";
				PRODUCT_BUNDLE_IDENTIFIER = com.huaimayi.HDLongPressButtonTests;
				PRODUCT_NAME = "$(TARGET_NAME)";
				TARGETED_DEVICE_FAMILY = "1,2";
				TEST_HOST = "$(BUILT_PRODUCTS_DIR)/HDLongPressButton.app/HDLongPressButton";
			};
			name = Debug;
		};
		E45D078920885AAB0096ECB5 /* Release */ = {
			isa = XCBuildConfiguration;
			buildSettings = {
				BUNDLE_LOADER = "$(TEST_HOST)";
				CODE_SIGN_STYLE = Automatic;
				INFOPLIST_FILE = HDLongPressButtonTests/Info.plist;
				LD_RUNPATH_SEARCH_PATHS = "$(inherited) @executable_path/Frameworks @loader_path/Frameworks";
				PRODUCT_BUNDLE_IDENTIFIER = com.huaimayi.HDLongPressButtonTests;
				PRODUCT_NAME = "$(TARGET_NAME)";
				TARGETED_DEVICE_FAMILY = "1,2";
				TEST_HOST = "$(BUILT_PRODUCTS_DIR)/HDLongPressButton.app/HDLongPressButton";
			};
			name = Release;
		};
		E45D078B20885AAB0096ECB5 /* Debug */ = {
			isa = XCBuildConfiguration;
			buildSettings = {
				CODE_SIGN_STYLE = Automatic;
				INFOPLIST_FILE = HDLongPressButtonUITests/Info.plist;
				LD_RUNPATH_SEARCH_PATHS = "$(inherited) @executable_path/Frameworks @loader_path/Frameworks";
				PRODUCT_BUNDLE_IDENTIFIER = com.huaimayi.HDLongPressButtonUITests;
				PRODUCT_NAME = "$(TARGET_NAME)";
				TARGETED_DEVICE_FAMILY = "1,2";
				TEST_TARGET_NAME = HDLongPressButton;
			};
			name = Debug;
		};
		E45D078C20885AAB0096ECB5 /* Release */ = {
			isa = XCBuildConfiguration;
			buildSettings = {
				CODE_SIGN_STYLE = Automatic;
				INFOPLIST_FILE = HDLongPressButtonUITests/Info.plist;
				LD_RUNPATH_SEARCH_PATHS = "$(inherited) @executable_path/Frameworks @loader_path/Frameworks";
				PRODUCT_BUNDLE_IDENTIFIER = com.huaimayi.HDLongPressButtonUITests;
				PRODUCT_NAME = "$(TARGET_NAME)";
				TARGETED_DEVICE_FAMILY = "1,2";
				TEST_TARGET_NAME = HDLongPressButton;
			};
			name = Release;
		};
/* End XCBuildConfiguration section */

/* Begin XCConfigurationList section */
		E45D075320885AAB0096ECB5 /* Build configuration list for PBXProject "HDLongPressButton" */ = {
			isa = XCConfigurationList;
			buildConfigurations = (
				E45D078220885AAB0096ECB5 /* Debug */,
				E45D078320885AAB0096ECB5 /* Release */,
			);
			defaultConfigurationIsVisible = 0;
			defaultConfigurationName = Release;
		};
		E45D078420885AAB0096ECB5 /* Build configuration list for PBXNativeTarget "HDLongPressButton" */ = {
			isa = XCConfigurationList;
			buildConfigurations = (
				E45D078520885AAB0096ECB5 /* Debug */,
				E45D078620885AAB0096ECB5 /* Release */,
			);
			defaultConfigurationIsVisible = 0;
			defaultConfigurationName = Release;
		};
		E45D078720885AAB0096ECB5 /* Build configuration list for PBXNativeTarget "HDLongPressButtonTests" */ = {
			isa = XCConfigurationList;
			buildConfigurations = (
				E45D078820885AAB0096ECB5 /* Debug */,
				E45D078920885AAB0096ECB5 /* Release */,
			);
			defaultConfigurationIsVisible = 0;
			defaultConfigurationName = Release;
		};
		E45D078A20885AAB0096ECB5 /* Build configuration list for PBXNativeTarget "HDLongPressButtonUITests" */ = {
			isa = XCConfigurationList;
			buildConfigurations = (
				E45D078B20885AAB0096ECB5 /* Debug */,
				E45D078C20885AAB0096ECB5 /* Release */,
			);
			defaultConfigurationIsVisible = 0;
			defaultConfigurationName = Release;
		};
/* End XCConfigurationList section */
	};
	rootObject = E45D075020885AAB0096ECB5 /* Project object */;
}
